{
  "name": "my-first-project",
  "requires": true,
  "lockfileVersion": 1,
  "dependencies": {
    "canvas-screenshot": {
      "version": "4.0.1",
      "resolved": "https://registry.npmjs.org/canvas-screenshot/-/canvas-screenshot-4.0.1.tgz",
      "integrity": "sha512-kj6pq7JxGvT+zzHPs+b4E5dG9umPRIUOeKnWGtpjOqOo55W7gfdiwrPy1CK6QoE8eYrniqiartV3pnYoOT9nlQ==",
      "requires": {
        "file-extension": "^4.0.5"
      }
    },
    "file-extension": {
      "version": "4.0.5",
      "resolved": "https://registry.npmjs.org/file-extension/-/file-extension-4.0.5.tgz",
      "integrity": "sha512-l0rOL3aKkoi6ea7MNZe6OHgqYYpn48Qfflr8Pe9G9JPPTx5A+sfboK91ZufzIs59/lPqh351l0eb6iKU9J5oGg=="
    },
    "lerp": {
      "version": "1.0.3",
      "resolved": "https://registry.npmjs.org/lerp/-/lerp-1.0.3.tgz",
      "integrity": "sha1-oYyJaPkXiW3hXM/MKNVaa3Med24="
    },
    "pex-color": {
      "version": "1.1.1",
      "resolved": "https://registry.npmjs.org/pex-color/-/pex-color-1.1.1.tgz",
      "integrity": "sha1-/1HO0+9gKuk4WaA83PtwXy/Vx2I=",
      "requires": {
        "lerp": "^1.0.3"
      }
    },
    "pex-random": {
      "version": "1.0.1",
      "resolved": "https://registry.npmjs.org/pex-random/-/pex-random-1.0.1.tgz",
      "integrity": "sha1-Cwp9kOLgV9V3d+2ROjm3IlUxm+U=",
      "requires": {
        "seedrandom": "^2.3.10",
        "simplex-noise": "2.1.1"
      }
    },
    "seedrandom": {
      "version": "2.4.4",
      "resolved": "https://registry.npmjs.org/seedrandom/-/seedrandom-2.4.4.tgz",
      "integrity": "sha512-9A+PDmgm+2du77B5i0Ip2cxOqqHjgNxnBgglxLcX78A2D6c2rTo61z4jnVABpF4cKeDMDG+cmXXvdnqse2VqMA=="
    },
    "simplex-noise": {
      "version": "2.1.1",
      "resolved": "https://registry.npmjs.org/simplex-noise/-/simplex-noise-2.1.1.tgz",
      "integrity": "sha1-kuZ4XxaptanxMdHplsM3q/X0KF0="
    }
  }
}
